
Microsoft Visual Studio Solution File, Format Version 12.00
# Visual Studio Version 17
VisualStudioVersion = 17.9.34728.123
MinimumVisualStudioVersion = 10.0.40219.1
Project("{FAE04EC0-301F-11D3-BF4B-00C04F79EFBC}") = "Models", "Model\Models.csproj", "{5C3EC18E-4695-4B54-9543-A5B592927D1D}"
EndProject
Global
	GlobalSection(SolutionConfigurationPlatforms) = preSolution
		Debug|Any CPU = Debug|Any CPU
		Release|Any CPU = Release|Any CPU
	EndGlobalSection
	GlobalSection(ProjectConfigurationPlatforms) = postSolution
		{5C3EC18E-4695-4B54-9543-A5B592927D1D}.Debug|Any CPU.ActiveCfg = Debug|Any CPU
		{5C3EC18E-4695-4B54-9543-A5B592927D1D}.Debug|Any CPU.Build.0 = Debug|Any CPU
		{5C3EC18E-4695-4B54-9543-A5B592927D1D}.Release|Any CPU.ActiveCfg = Release|Any CPU
		{5C3EC18E-4695-4B54-9543-A5B592927D1D}.Release|Any CPU.Build.0 = Release|Any CPU
	EndGlobalSection
	GlobalSection(SolutionProperties) = preSolution
		HideSolutionNode = FALSE
	EndGlobalSection
	GlobalSection(ExtensibilityGlobals) = postSolution
		SolutionGuid = {922EAEE5-43DD-4262-B39C-21DF86F98BEE}
	EndGlobalSection
EndGlobal
